
Microsoft Visual Studio Solution File, Format Version 12.00
# Visual Studio 15
VisualStudioVersion = 15.0.28307.1209
MinimumVisualStudioVersion = 10.0.40219.1
Project("{FAE04EC0-301F-11D3-BF4B-00C04F79EFBC}") = "SistemaRepuesto", "SistemaRepuesto\SistemaRepuesto.csproj", "{9D7E0860-8176-4F5A-9FEF-AE9002176314}"
EndProject
Global
	GlobalSection(SolutionConfigurationPlatforms) = preSolution
		Debug|Any CPU = Debug|Any CPU
		Release|Any CPU = Release|Any CPU
	EndGlobalSection
	GlobalSection(ProjectConfigurationPlatforms) = postSolution
		{9D7E0860-8176-4F5A-9FEF-AE9002176314}.Debug|Any CPU.ActiveCfg = Debug|Any CPU
		{9D7E0860-8176-4F5A-9FEF-AE9002176314}.Debug|Any CPU.Build.0 = Debug|Any CPU
		{9D7E0860-8176-4F5A-9FEF-AE9002176314}.Release|Any CPU.ActiveCfg = Release|Any CPU
		{9D7E0860-8176-4F5A-9FEF-AE9002176314}.Release|Any CPU.Build.0 = Release|Any CPU
	EndGlobalSection
	GlobalSection(SolutionProperties) = preSolution
		HideSolutionNode = FALSE
	EndGlobalSection
	GlobalSection(ExtensibilityGlobals) = postSolution
		SolutionGuid = {F71371EC-87D5-4E94-9E40-906FF5237E53}
	EndGlobalSection
EndGlobal
